PODS:
  - Alamofire (3.3.1)
  - Crashlytics (3.7.0):
    - Fabric (~> 1.6.3)
  - Fabric (1.6.7)
  - Flurry-iOS-SDK/FlurrySDK (7.8.2)
  - Mapbox-iOS-SDK (3.3.4)
  - MapboxDirections.swift (0.4.0):
    - NBNRequestKit
    - Polyline (~> 3.0)
  - MBProgressHUD (0.9.2)
  - NBNRequestKit (0.3.0)
  - PageMenu (1.2.9)
  - Polyline (3.0.0)
  - Realm (1.1.0):
    - Realm/Headers (= 1.1.0)
  - Realm/Headers (1.1.0)
  - RealmSwift (1.1.0):
    - Realm (= 1.1.0)
  - SwiftyJSON (2.3.2)

DEPENDENCIES:
  - Alamofire (~> 3.3.1)
  - Crashlytics (~> 3.7.0)
  - Fabric (~> 1.6.7)
  - Flurry-iOS-SDK/FlurrySDK (~> 7.8.2)
  - Mapbox-iOS-SDK (~> 3.3.4)
  - MapboxDirections.swift (from `https://github.com/mapbox/MapboxDirections.swift.git`, tag `v0.5.0`)
  - MBProgressHUD (~> 0.9.2)
  - NBNRequestKit (from `https://github.com/1ec5/RequestKit.git`, branch `mapbox-podspec`)
  - PageMenu (~> 1.2.9)
  - RealmSwift (~> 1.1.0)
  - SwiftyJSON (~> 2.3.2)

EXTERNAL SOURCES:
  MapboxDirections.swift:
    :git: https://github.com/mapbox/MapboxDirections.swift.git
    :tag: v0.5.0
  NBNRequestKit:
    :branch: mapbox-podspec
    :git: https://github.com/1ec5/RequestKit.git

CHECKOUT OPTIONS:
  MapboxDirections.swift:
    :git: https://github.com/mapbox/MapboxDirections.swift.git
    :tag: v0.5.0
  NBNRequestKit:
    :commit: 77220407aa576e70232e4300a01d31870345b275
    :git: https://github.com/1ec5/RequestKit.git

SPEC CHECKSUMS:
  Alamofire: 369bc67b6f5ac33ded3648d7bd21c5bfb91c2ecc
  Crashlytics: c3a2333dea9e2733d2777f730910321fc9e25c0d
  Fabric: caf7580c725e64db144f610ac65cd60956911dc7
  Flurry-iOS-SDK: 8ed76252016d0162a893363c108a010ab97d424c
  Mapbox-iOS-SDK: b22da0d9703fcfb0a8b592b6a7f6a21264fe44b0
  MapboxDirections.swift: baa69039463d0853ec7cca2370ed686f507695bf
  MBProgressHUD: 1569cf7ace17a8bac47aabfbb8580a49690386d1
  NBNRequestKit: 300c68172965d586ac6e0cefbe5a4fe415b71dbf
  PageMenu: ba19ff267f7a19e444e93c20a7847b78954a7011
  Polyline: 18026fd6675f754a15e70b4fd7ca01d0d156b6d7
  Realm: ceecf1a4540c4ce9efe196fe73fa9855bce05bd8
  RealmSwift: 838058b2db95b12cb86bd0cf209df642c33fb60a
  SwiftyJSON: 04ccea08915aa0109039157c7974cf0298da292a

PODFILE CHECKSUM: 33592bd68d5092f08980b34c4b1b5027fe257aa2

COCOAPODS: 1.0.1
